{
  "version": 4,
  "terraform_version": "1.12.2",
  "serial": 281,
  "lineage": "22cd43fa-2586-661e-f8bc-06082821eadf",
  "outputs": {},
  "resources": [
    {
      "module": "module.storage",
      "mode": "data",
      "type": "aws_caller_identity",
      "name": "current",
      "provider": "provider[\"registry.terraform.io/hashicorp/aws\"]",
      "instances": [
        {
          "schema_version": 0,
          "attributes": {
            "account_id": "896553234455",
            "arn": "arn:aws:iam::896553234455:user/regularuser",
            "id": "896553234455",
            "user_id": "AIDA5BPV4WALQJCHO66AA"
          },
          "sensitive_attributes": [],
          "identity_schema_version": 0
        }
      ]
    },
    {
      "module": "module.storage",
      "mode": "managed",
      "type": "aws_opensearch_domain",
      "name": "vector_store",
      "provider": "provider[\"registry.terraform.io/hashicorp/aws\"]",
      "instances": [
        {
          "schema_version": 0,
          "attributes": {
            "access_policies": "{\"Statement\":[{\"Action\":\"es:*\",\"Condition\":{\"IpAddress\":{\"aws:SourceIp\":[\"0.0.0.0/0\"]}},\"Effect\":\"Allow\",\"Principal\":{\"AWS\":\"*\"},\"Resource\":\"arn:aws:es:ap-southeast-2:896553234455:domain/rag-vector-store/*\"}],\"Version\":\"2012-10-17\"}",
            "advanced_options": {},
            "advanced_security_options": [
              {
                "anonymous_auth_enabled": false,
                "enabled": true,
                "internal_user_database_enabled": true,
                "master_user_options": [
                  {
                    "master_user_arn": "",
                    "master_user_name": "admin",
                    "master_user_password": "\u003eY!E{JqQy7283edV"
                  }
                ]
              }
            ],
            "arn": "arn:aws:es:ap-southeast-2:896553234455:domain/rag-vector-store",
            "auto_tune_options": [
              {
                "desired_state": "DISABLED",
                "maintenance_schedule": [],
                "rollback_on_disable": "NO_ROLLBACK",
                "use_off_peak_window": false
              }
            ],
            "cluster_config": [
              {
                "cold_storage_options": [
                  {
                    "enabled": false
                  }
                ],
                "dedicated_master_count": 0,
                "dedicated_master_enabled": false,
                "dedicated_master_type": "",
                "instance_count": 1,
                "instance_type": "t3.small.search",
                "multi_az_with_standby_enabled": false,
                "node_options": [],
                "warm_count": 0,
                "warm_enabled": false,
                "warm_type": "",
                "zone_awareness_config": [],
                "zone_awareness_enabled": false
              }
            ],
            "cognito_options": [
              {
                "enabled": false,
                "identity_pool_id": "",
                "role_arn": "",
                "user_pool_id": ""
              }
            ],
            "dashboard_endpoint": "search-rag-vector-store-3hjedlow3rz756o2uzqq6gccai.ap-southeast-2.es.amazonaws.com/_dashboards",
            "dashboard_endpoint_v2": null,
            "domain_endpoint_options": [
              {
                "custom_endpoint": "",
                "custom_endpoint_certificate_arn": "",
                "custom_endpoint_enabled": false,
                "enforce_https": true,
                "tls_security_policy": "Policy-Min-TLS-1-2-2019-07"
              }
            ],
            "domain_endpoint_v2_hosted_zone_id": "",
            "domain_id": "896553234455/rag-vector-store",
            "domain_name": "rag-vector-store",
            "ebs_options": [
              {
                "ebs_enabled": true,
                "iops": 3000,
                "throughput": 125,
                "volume_size": 10,
                "volume_type": "gp3"
              }
            ],
            "encrypt_at_rest": [
              {
                "enabled": true,
                "kms_key_id": "arn:aws:kms:ap-southeast-2:896553234455:key/393b4ce3-52c9-4b2c-b508-c4b8940be7b0"
              }
            ],
            "endpoint": "search-rag-vector-store-3hjedlow3rz756o2uzqq6gccai.ap-southeast-2.es.amazonaws.com",
            "endpoint_v2": null,
            "engine_version": "OpenSearch_2.5",
            "id": "arn:aws:es:ap-southeast-2:896553234455:domain/rag-vector-store",
            "ip_address_type": "ipv4",
            "log_publishing_options": [],
            "node_to_node_encryption": [
              {
                "enabled": true
              }
            ],
            "off_peak_window_options": [
              {
                "enabled": true,
                "off_peak_window": [
                  {
                    "window_start_time": [
                      {
                        "hours": 12,
                        "minutes": 0
                      }
                    ]
                  }
                ]
              }
            ],
            "region": "ap-southeast-2",
            "snapshot_options": [
              {
                "automated_snapshot_start_hour": 0
              }
            ],
            "software_update_options": [
              {
                "auto_software_update_enabled": false
              }
            ],
            "tags": {
              "Name": "rag-vector-store"
            },
            "tags_all": {
              "Name": "rag-vector-store"
            },
            "timeouts": null,
            "vpc_options": []
          },
          "sensitive_attributes": [
            [
              {
                "type": "get_attr",
                "value": "advanced_security_options"
              },
              {
                "type": "index",
                "value": {
                  "value": 0,
                  "type": "number"
                }
              },
              {
                "type": "get_attr",
                "value": "master_user_options"
              },
              {
                "type": "index",
                "value": {
                  "value": 0,
                  "type": "number"
                }
              },
              {
                "type": "get_attr",
                "value": "master_user_password"
              }
            ]
          ],
          "identity_schema_version": 0,
          "private": "eyJlMmJmYjczMC1lY2FhLTExZTYtOGY4OC0zNDM2M2JjN2M0YzAiOnsiY3JlYXRlIjo3MjAwMDAwMDAwMDAwLCJkZWxldGUiOjU0MDAwMDAwMDAwMDAsInVwZGF0ZSI6MTA4MDAwMDAwMDAwMDB9fQ==",
          "dependencies": [
            "module.storage.data.aws_caller_identity.current",
            "module.storage.random_password.opensearch_master_password"
          ]
        }
      ]
    },
    {
      "module": "module.storage",
      "mode": "managed",
      "type": "random_password",
      "name": "opensearch_master_password",
      "provider": "provider[\"registry.terraform.io/hashicorp/random\"]",
      "instances": [
        {
          "schema_version": 3,
          "attributes": {
            "bcrypt_hash": "$2a$10$nb8.DuIOMGMywV3XWQLBge9aeXmjVlAFCytYzCfjKDQ.7YErPrq9e",
            "id": "none",
            "keepers": null,
            "length": 16,
            "lower": true,
            "min_lower": 0,
            "min_numeric": 0,
            "min_special": 0,
            "min_upper": 0,
            "number": true,
            "numeric": true,
            "override_special": null,
            "result": "\u003eY!E{JqQy7283edV",
            "special": true,
            "upper": true
          },
          "sensitive_attributes": [
            [
              {
                "type": "get_attr",
                "value": "bcrypt_hash"
              }
            ],
            [
              {
                "type": "get_attr",
                "value": "result"
              }
            ]
          ],
          "identity_schema_version": 0
        }
      ]
    }
  ],
  "check_results": null
}
